
Microsoft Visual Studio Solution File, Format Version 12.00
# Visual Studio Version 17
VisualStudioVersion = 17.8.34004.107
MinimumVisualStudioVersion = 10.0.40219.1
Project("{2150E333-8FDC-42A3-9474-1A3956D46DE8}") = "_", "_", "{D0303DAB-31F8-4713-992A-4190B8AB0B87}"
	ProjectSection(SolutionItems) = preProject
		.editorconfig = .editorconfig
		.gitignore = .gitignore
		README.md = README.md
	EndProjectSection
EndProject
Project("{2150E333-8FDC-42A3-9474-1A3956D46DE8}") = "build", "build", "{E3117E9F-763E-4376-891B-9B69677A4002}"
EndProject
Project("{2150E333-8FDC-42A3-9474-1A3956D46DE8}") = "src", "src", "{C506370F-21E0-46AC-8BAB-E796E2C4ADFF}"
EndProject
Project("{9A19103F-16F7-4668-BE54-9A1E7A4F7556}") = "build", "build\build.csproj", "{16E14E84-0FAF-422F-93AA-A9E0DCADE4B7}"
EndProject
Project("{2150E333-8FDC-42A3-9474-1A3956D46DE8}") = "domain", "domain", "{61C341D1-486B-4F96-B600-FB18C9F70B03}"
EndProject
Project("{2150E333-8FDC-42A3-9474-1A3956D46DE8}") = "application", "application", "{BF2022E1-25F2-4402-BD13-A0B56D1AD86D}"
EndProject
Project("{2150E333-8FDC-42A3-9474-1A3956D46DE8}") = "infrastructure", "infrastructure", "{5EC77634-1E75-4EAD-A3E1-F1A8DD9E1A37}"
EndProject
Project("{2150E333-8FDC-42A3-9474-1A3956D46DE8}") = "documentation", "documentation", "{15B1ACD4-8C79-4EA6-B535-AB6F75576793}"
	ProjectSection(SolutionItems) = preProject
		docs\architecture.md = docs\architecture.md
		docs\domain-driven-development.md = docs\domain-driven-development.md
		docs\test-driven-development.md = docs\test-driven-development.md
	EndProjectSection
EndProject
Project("{2150E333-8FDC-42A3-9474-1A3956D46DE8}") = "presentation", "presentation", "{B2F44F38-9D17-44EB-895C-2A28A8EB8493}"
EndProject
Project("{9A19103F-16F7-4668-BE54-9A1E7A4F7556}") = "Domain", "src\Domain\Domain.csproj", "{D3264DA5-36EF-45A0-8122-F9DC0C68C541}"
EndProject
Project("{9A19103F-16F7-4668-BE54-9A1E7A4F7556}") = "Domain.Tests", "src\Domain.Tests\Domain.Tests.csproj", "{BFE22D92-3DA5-4152-BC3E-0210F5F87ED8}"
EndProject
Project("{9A19103F-16F7-4668-BE54-9A1E7A4F7556}") = "Application.Tests", "src\Application.Tests\Application.Tests.csproj", "{FF16504C-4792-45C8-AFD2-3783C313E5B3}"
EndProject
Project("{9A19103F-16F7-4668-BE54-9A1E7A4F7556}") = "Application", "src\Application\Application.csproj", "{6FF3DF0C-B566-46BD-8837-DCB622CEDB93}"
EndProject
Project("{9A19103F-16F7-4668-BE54-9A1E7A4F7556}") = "Infrastructure", "src\Infrastructure\Infrastructure.csproj", "{8F0E5171-6356-4D21-AFD7-F5A1353DB35D}"
EndProject
Project("{9A19103F-16F7-4668-BE54-9A1E7A4F7556}") = "Infrastructure.Tests", "src\Infrastructure.Tests\Infrastructure.Tests.csproj", "{D6E7A7A7-8615-4400-B6E6-E77687D0C807}"
EndProject
Project("{9A19103F-16F7-4668-BE54-9A1E7A4F7556}") = "Chat.Web", "src\Chat.Web\Chat.Web.csproj", "{58C0A428-61B6-4470-A823-01C45C7A1ECB}"
EndProject
Project("{9A19103F-16F7-4668-BE54-9A1E7A4F7556}") = "Chat.Api", "src\Chat.Api\Chat.Api.csproj", "{4D005CBF-0350-432D-9064-684DFACA2DF4}"
EndProject
Project("{9A19103F-16F7-4668-BE54-9A1E7A4F7556}") = "Chat.Api.Tests", "src\Chat.Api.Tests\Chat.Api.Tests.csproj", "{6CA4D59C-F613-4CB7-9715-9F47D8F94310}"
EndProject
Project("{2150E333-8FDC-42A3-9474-1A3956D46DE8}") = "chat", "chat", "{C1143B33-0F96-4D18-B6E6-1EDF1C1CB7EA}"
EndProject
Global
	GlobalSection(SolutionConfigurationPlatforms) = preSolution
		Debug|Any CPU = Debug|Any CPU
		Release|Any CPU = Release|Any CPU
	EndGlobalSection
	GlobalSection(ProjectConfigurationPlatforms) = postSolution
		{16E14E84-0FAF-422F-93AA-A9E0DCADE4B7}.Debug|Any CPU.ActiveCfg = Debug|Any CPU
		{16E14E84-0FAF-422F-93AA-A9E0DCADE4B7}.Release|Any CPU.ActiveCfg = Release|Any CPU
		{16E14E84-0FAF-422F-93AA-A9E0DCADE4B7}.Release|Any CPU.Build.0 = Release|Any CPU
		{D3264DA5-36EF-45A0-8122-F9DC0C68C541}.Debug|Any CPU.ActiveCfg = Debug|Any CPU
		{D3264DA5-36EF-45A0-8122-F9DC0C68C541}.Debug|Any CPU.Build.0 = Debug|Any CPU
		{D3264DA5-36EF-45A0-8122-F9DC0C68C541}.Release|Any CPU.ActiveCfg = Release|Any CPU
		{D3264DA5-36EF-45A0-8122-F9DC0C68C541}.Release|Any CPU.Build.0 = Release|Any CPU
		{BFE22D92-3DA5-4152-BC3E-0210F5F87ED8}.Debug|Any CPU.ActiveCfg = Debug|Any CPU
		{BFE22D92-3DA5-4152-BC3E-0210F5F87ED8}.Debug|Any CPU.Build.0 = Debug|Any CPU
		{BFE22D92-3DA5-4152-BC3E-0210F5F87ED8}.Release|Any CPU.ActiveCfg = Release|Any CPU
		{BFE22D92-3DA5-4152-BC3E-0210F5F87ED8}.Release|Any CPU.Build.0 = Release|Any CPU
		{FF16504C-4792-45C8-AFD2-3783C313E5B3}.Debug|Any CPU.ActiveCfg = Debug|Any CPU
		{FF16504C-4792-45C8-AFD2-3783C313E5B3}.Debug|Any CPU.Build.0 = Debug|Any CPU
		{FF16504C-4792-45C8-AFD2-3783C313E5B3}.Release|Any CPU.ActiveCfg = Release|Any CPU
		{FF16504C-4792-45C8-AFD2-3783C313E5B3}.Release|Any CPU.Build.0 = Release|Any CPU
		{6FF3DF0C-B566-46BD-8837-DCB622CEDB93}.Debug|Any CPU.ActiveCfg = Debug|Any CPU
		{6FF3DF0C-B566-46BD-8837-DCB622CEDB93}.Debug|Any CPU.Build.0 = Debug|Any CPU
		{6FF3DF0C-B566-46BD-8837-DCB622CEDB93}.Release|Any CPU.ActiveCfg = Release|Any CPU
		{6FF3DF0C-B566-46BD-8837-DCB622CEDB93}.Release|Any CPU.Build.0 = Release|Any CPU
		{8F0E5171-6356-4D21-AFD7-F5A1353DB35D}.Debug|Any CPU.ActiveCfg = Debug|Any CPU
		{8F0E5171-6356-4D21-AFD7-F5A1353DB35D}.Debug|Any CPU.Build.0 = Debug|Any CPU
		{8F0E5171-6356-4D21-AFD7-F5A1353DB35D}.Release|Any CPU.ActiveCfg = Release|Any CPU
		{8F0E5171-6356-4D21-AFD7-F5A1353DB35D}.Release|Any CPU.Build.0 = Release|Any CPU
		{D6E7A7A7-8615-4400-B6E6-E77687D0C807}.Debug|Any CPU.ActiveCfg = Debug|Any CPU
		{D6E7A7A7-8615-4400-B6E6-E77687D0C807}.Debug|Any CPU.Build.0 = Debug|Any CPU
		{D6E7A7A7-8615-4400-B6E6-E77687D0C807}.Release|Any CPU.ActiveCfg = Release|Any CPU
		{D6E7A7A7-8615-4400-B6E6-E77687D0C807}.Release|Any CPU.Build.0 = Release|Any CPU
		{58C0A428-61B6-4470-A823-01C45C7A1ECB}.Debug|Any CPU.ActiveCfg = Debug|Any CPU
		{58C0A428-61B6-4470-A823-01C45C7A1ECB}.Debug|Any CPU.Build.0 = Debug|Any CPU
		{58C0A428-61B6-4470-A823-01C45C7A1ECB}.Release|Any CPU.ActiveCfg = Release|Any CPU
		{58C0A428-61B6-4470-A823-01C45C7A1ECB}.Release|Any CPU.Build.0 = Release|Any CPU
		{4D005CBF-0350-432D-9064-684DFACA2DF4}.Debug|Any CPU.ActiveCfg = Debug|Any CPU
		{4D005CBF-0350-432D-9064-684DFACA2DF4}.Debug|Any CPU.Build.0 = Debug|Any CPU
		{4D005CBF-0350-432D-9064-684DFACA2DF4}.Release|Any CPU.ActiveCfg = Release|Any CPU
		{4D005CBF-0350-432D-9064-684DFACA2DF4}.Release|Any CPU.Build.0 = Release|Any CPU
		{6CA4D59C-F613-4CB7-9715-9F47D8F94310}.Debug|Any CPU.ActiveCfg = Debug|Any CPU
		{6CA4D59C-F613-4CB7-9715-9F47D8F94310}.Debug|Any CPU.Build.0 = Debug|Any CPU
		{6CA4D59C-F613-4CB7-9715-9F47D8F94310}.Release|Any CPU.ActiveCfg = Release|Any CPU
		{6CA4D59C-F613-4CB7-9715-9F47D8F94310}.Release|Any CPU.Build.0 = Release|Any CPU
	EndGlobalSection
	GlobalSection(SolutionProperties) = preSolution
		HideSolutionNode = FALSE
	EndGlobalSection
	GlobalSection(NestedProjects) = preSolution
		{16E14E84-0FAF-422F-93AA-A9E0DCADE4B7} = {E3117E9F-763E-4376-891B-9B69677A4002}
		{61C341D1-486B-4F96-B600-FB18C9F70B03} = {C506370F-21E0-46AC-8BAB-E796E2C4ADFF}
		{BF2022E1-25F2-4402-BD13-A0B56D1AD86D} = {C506370F-21E0-46AC-8BAB-E796E2C4ADFF}
		{5EC77634-1E75-4EAD-A3E1-F1A8DD9E1A37} = {C506370F-21E0-46AC-8BAB-E796E2C4ADFF}
		{15B1ACD4-8C79-4EA6-B535-AB6F75576793} = {D0303DAB-31F8-4713-992A-4190B8AB0B87}
		{B2F44F38-9D17-44EB-895C-2A28A8EB8493} = {C506370F-21E0-46AC-8BAB-E796E2C4ADFF}
		{D3264DA5-36EF-45A0-8122-F9DC0C68C541} = {61C341D1-486B-4F96-B600-FB18C9F70B03}
		{BFE22D92-3DA5-4152-BC3E-0210F5F87ED8} = {61C341D1-486B-4F96-B600-FB18C9F70B03}
		{FF16504C-4792-45C8-AFD2-3783C313E5B3} = {BF2022E1-25F2-4402-BD13-A0B56D1AD86D}
		{6FF3DF0C-B566-46BD-8837-DCB622CEDB93} = {BF2022E1-25F2-4402-BD13-A0B56D1AD86D}
		{8F0E5171-6356-4D21-AFD7-F5A1353DB35D} = {5EC77634-1E75-4EAD-A3E1-F1A8DD9E1A37}
		{D6E7A7A7-8615-4400-B6E6-E77687D0C807} = {5EC77634-1E75-4EAD-A3E1-F1A8DD9E1A37}
		{58C0A428-61B6-4470-A823-01C45C7A1ECB} = {C1143B33-0F96-4D18-B6E6-1EDF1C1CB7EA}
		{4D005CBF-0350-432D-9064-684DFACA2DF4} = {C1143B33-0F96-4D18-B6E6-1EDF1C1CB7EA}
		{6CA4D59C-F613-4CB7-9715-9F47D8F94310} = {C1143B33-0F96-4D18-B6E6-1EDF1C1CB7EA}
		{C1143B33-0F96-4D18-B6E6-1EDF1C1CB7EA} = {B2F44F38-9D17-44EB-895C-2A28A8EB8493}
	EndGlobalSection
	GlobalSection(ExtensibilityGlobals) = postSolution
		SolutionGuid = {B6F784C1-E594-470C-860F-AF32E135DB7A}
	EndGlobalSection
EndGlobal
